
Microsoft Visual Studio Solution File, Format Version 12.00
# Visual Studio 15
VisualStudioVersion = 15.0.28307.960
MinimumVisualStudioVersion = 10.0.40219.1
Project("{FAE04EC0-301F-11D3-BF4B-00C04F79EFBC}") = "appVentas.BusinessEntities", "appVentas.BusinessEntities\appVentas.BusinessEntities.csproj", "{62438B01-1581-4AB3-BDF5-E1FC456FA119}"
EndProject
Project("{FAE04EC0-301F-11D3-BF4B-00C04F79EFBC}") = "appVentas.DataAccess", "appVentas.DataAccess\appVentas.DataAccess.csproj", "{1DE14D3E-CEE6-4F9B-A46A-875E5478801E}"
EndProject
Project("{FAE04EC0-301F-11D3-BF4B-00C04F79EFBC}") = "appVentas.BusinessLogic", "appVentas.BusinessLogic\appVentas.BusinessLogic.csproj", "{A2768DC8-2E76-4770-ACBA-BA7807E65626}"
EndProject
Project("{FAE04EC0-301F-11D3-BF4B-00C04F79EFBC}") = "appVentas.WebUI", "appVentas.WebUI\appVentas.WebUI.csproj", "{91CEAEAE-669E-4119-A7E8-E48909EB3F41}"
EndProject
Global
	GlobalSection(SolutionConfigurationPlatforms) = preSolution
		Debug|Any CPU = Debug|Any CPU
		Release|Any CPU = Release|Any CPU
	EndGlobalSection
	GlobalSection(ProjectConfigurationPlatforms) = postSolution
		{62438B01-1581-4AB3-BDF5-E1FC456FA119}.Debug|Any CPU.ActiveCfg = Debug|Any CPU
		{62438B01-1581-4AB3-BDF5-E1FC456FA119}.Debug|Any CPU.Build.0 = Debug|Any CPU
		{62438B01-1581-4AB3-BDF5-E1FC456FA119}.Release|Any CPU.ActiveCfg = Release|Any CPU
		{62438B01-1581-4AB3-BDF5-E1FC456FA119}.Release|Any CPU.Build.0 = Release|Any CPU
		{1DE14D3E-CEE6-4F9B-A46A-875E5478801E}.Debug|Any CPU.ActiveCfg = Debug|Any CPU
		{1DE14D3E-CEE6-4F9B-A46A-875E5478801E}.Debug|Any CPU.Build.0 = Debug|Any CPU
		{1DE14D3E-CEE6-4F9B-A46A-875E5478801E}.Release|Any CPU.ActiveCfg = Release|Any CPU
		{1DE14D3E-CEE6-4F9B-A46A-875E5478801E}.Release|Any CPU.Build.0 = Release|Any CPU
		{A2768DC8-2E76-4770-ACBA-BA7807E65626}.Debug|Any CPU.ActiveCfg = Debug|Any CPU
		{A2768DC8-2E76-4770-ACBA-BA7807E65626}.Debug|Any CPU.Build.0 = Debug|Any CPU
		{A2768DC8-2E76-4770-ACBA-BA7807E65626}.Release|Any CPU.ActiveCfg = Release|Any CPU
		{A2768DC8-2E76-4770-ACBA-BA7807E65626}.Release|Any CPU.Build.0 = Release|Any CPU
		{91CEAEAE-669E-4119-A7E8-E48909EB3F41}.Debug|Any CPU.ActiveCfg = Debug|Any CPU
		{91CEAEAE-669E-4119-A7E8-E48909EB3F41}.Debug|Any CPU.Build.0 = Debug|Any CPU
		{91CEAEAE-669E-4119-A7E8-E48909EB3F41}.Release|Any CPU.ActiveCfg = Release|Any CPU
		{91CEAEAE-669E-4119-A7E8-E48909EB3F41}.Release|Any CPU.Build.0 = Release|Any CPU
	EndGlobalSection
	GlobalSection(SolutionProperties) = preSolution
		HideSolutionNode = FALSE
	EndGlobalSection
	GlobalSection(ExtensibilityGlobals) = postSolution
		SolutionGuid = {44A0035B-4507-475B-B7A7-483A7071B455}
	EndGlobalSection
EndGlobal
